
Microsoft Visual Studio Solution File, Format Version 12.00
# Visual Studio 15
VisualStudioVersion = 15.0.26730.16
MinimumVisualStudioVersion = 10.0.40219.1
Project("{2150E333-8FDC-42A3-9474-1A3956D46DE8}") = "src", "src", "{04929013-5BAB-42B0-B9B2-8F2BB8F16AF2}"
EndProject
Project("{2150E333-8FDC-42A3-9474-1A3956D46DE8}") = "Solution Items", "Solution Items", "{0B2F1537-4BF0-422B-A0DD-8F9CCEFB340F}"
	ProjectSection(SolutionItems) = preProject
		global.json = global.json
		NadekoBot.iss = NadekoBot.iss
	EndProjectSection
EndProject
Project("{9A19103F-16F7-4668-BE54-9A1E7A4F7556}") = "NadekoBot", "src\NadekoBot\NadekoBot.csproj", "{45EC1473-C678-4857-A544-07DFE0D0B478}"
EndProject
Project("{9A19103F-16F7-4668-BE54-9A1E7A4F7556}") = "NadekoBot.Core", "NadekoBot.Core\NadekoBot.Core.csproj", "{A6CCEFBD-DCF2-482C-9643-47664683548F}"
EndProject
Project("{9A19103F-16F7-4668-BE54-9A1E7A4F7556}") = "NadekoBot.Modules.Xp", "NadekoBot.Modules.Xp\NadekoBot.Modules.Xp.csproj", "{41A2DEBA-E8AE-4EC8-A58F-01C4B6E599E5}"
EndProject
Project("{9A19103F-16F7-4668-BE54-9A1E7A4F7556}") = "NadekoBot.Modules.Utility", "NadekoBot.Modules.Utility\NadekoBot.Modules.Utility.csproj", "{07606931-CB55-4D20-8369-4E086B00EC52}"
EndProject
Project("{9A19103F-16F7-4668-BE54-9A1E7A4F7556}") = "NadekoBot.Modules.Searches", "NadekoBot.Module.Searches\NadekoBot.Modules.Searches.csproj", "{8BEE9984-3EB3-45BE-A5CF-0DB912626B81}"
EndProject
Project("{9A19103F-16F7-4668-BE54-9A1E7A4F7556}") = "NadekoBot.Modules.Nsfw", "NadekoBot.Modules.Nsfw\NadekoBot.Modules.Nsfw.csproj", "{75ED72EC-7AB3-4B12-A2DA-3655C740B356}"
EndProject
Project("{9A19103F-16F7-4668-BE54-9A1E7A4F7556}") = "NadekoBot.Modules.Games", "NadekoBot.Modules.Games\NadekoBot.Modules.Games.csproj", "{FF6BDE61-24B4-4DC2-99EE-409EA1650180}"
EndProject
Project("{9A19103F-16F7-4668-BE54-9A1E7A4F7556}") = "NadekoBot.Modules.Gambling", "NadekoBot.Modules.Gambling\NadekoBot.Modules.Gambling.csproj", "{6436A700-694E-412C-92AE-B793FCD44E84}"
EndProject
Project("{9A19103F-16F7-4668-BE54-9A1E7A4F7556}") = "NadekoBot.Modules.Pokemon", "NadekoBot.Modules.Pokemon\NadekoBot.Modules.Pokemon.csproj", "{30463C26-555B-4760-9459-A16DFA015DFA}"
EndProject
Project("{9A19103F-16F7-4668-BE54-9A1E7A4F7556}") = "NadekoBot.Modules.Music", "NadekoBot.Modules.Music\NadekoBot.Modules.Music.csproj", "{674E28A6-30B1-413D-BBD3-E5F71614A00F}"
EndProject
Global
	GlobalSection(SolutionConfigurationPlatforms) = preSolution
		Debug|Any CPU = Debug|Any CPU
		GlobalNadeko|Any CPU = GlobalNadeko|Any CPU
		Release|Any CPU = Release|Any CPU
	EndGlobalSection
	GlobalSection(ProjectConfigurationPlatforms) = postSolution
		{45EC1473-C678-4857-A544-07DFE0D0B478}.Debug|Any CPU.ActiveCfg = Debug|Any CPU
		{45EC1473-C678-4857-A544-07DFE0D0B478}.Debug|Any CPU.Build.0 = Debug|Any CPU
		{45EC1473-C678-4857-A544-07DFE0D0B478}.GlobalNadeko|Any CPU.ActiveCfg = Release|Any CPU
		{45EC1473-C678-4857-A544-07DFE0D0B478}.GlobalNadeko|Any CPU.Build.0 = Release|Any CPU
		{45EC1473-C678-4857-A544-07DFE0D0B478}.Release|Any CPU.ActiveCfg = Release|Any CPU
		{45EC1473-C678-4857-A544-07DFE0D0B478}.Release|Any CPU.Build.0 = Release|Any CPU
		{A6CCEFBD-DCF2-482C-9643-47664683548F}.Debug|Any CPU.ActiveCfg = Debug|Any CPU
		{A6CCEFBD-DCF2-482C-9643-47664683548F}.Debug|Any CPU.Build.0 = Debug|Any CPU
		{A6CCEFBD-DCF2-482C-9643-47664683548F}.GlobalNadeko|Any CPU.ActiveCfg = Debug|Any CPU
		{A6CCEFBD-DCF2-482C-9643-47664683548F}.GlobalNadeko|Any CPU.Build.0 = Debug|Any CPU
		{A6CCEFBD-DCF2-482C-9643-47664683548F}.Release|Any CPU.ActiveCfg = Release|Any CPU
		{A6CCEFBD-DCF2-482C-9643-47664683548F}.Release|Any CPU.Build.0 = Release|Any CPU
		{41A2DEBA-E8AE-4EC8-A58F-01C4B6E599E5}.Debug|Any CPU.ActiveCfg = Debug|Any CPU
		{41A2DEBA-E8AE-4EC8-A58F-01C4B6E599E5}.Debug|Any CPU.Build.0 = Debug|Any CPU
		{41A2DEBA-E8AE-4EC8-A58F-01C4B6E599E5}.GlobalNadeko|Any CPU.ActiveCfg = Debug|Any CPU
		{41A2DEBA-E8AE-4EC8-A58F-01C4B6E599E5}.GlobalNadeko|Any CPU.Build.0 = Debug|Any CPU
		{41A2DEBA-E8AE-4EC8-A58F-01C4B6E599E5}.Release|Any CPU.ActiveCfg = Release|Any CPU
		{41A2DEBA-E8AE-4EC8-A58F-01C4B6E599E5}.Release|Any CPU.Build.0 = Release|Any CPU
		{07606931-CB55-4D20-8369-4E086B00EC52}.Debug|Any CPU.ActiveCfg = Debug|Any CPU
		{07606931-CB55-4D20-8369-4E086B00EC52}.Debug|Any CPU.Build.0 = Debug|Any CPU
		{07606931-CB55-4D20-8369-4E086B00EC52}.GlobalNadeko|Any CPU.ActiveCfg = Debug|Any CPU
		{07606931-CB55-4D20-8369-4E086B00EC52}.GlobalNadeko|Any CPU.Build.0 = Debug|Any CPU
		{07606931-CB55-4D20-8369-4E086B00EC52}.Release|Any CPU.ActiveCfg = Release|Any CPU
		{07606931-CB55-4D20-8369-4E086B00EC52}.Release|Any CPU.Build.0 = Release|Any CPU
		{8BEE9984-3EB3-45BE-A5CF-0DB912626B81}.Debug|Any CPU.ActiveCfg = Debug|Any CPU
		{8BEE9984-3EB3-45BE-A5CF-0DB912626B81}.Debug|Any CPU.Build.0 = Debug|Any CPU
		{8BEE9984-3EB3-45BE-A5CF-0DB912626B81}.GlobalNadeko|Any CPU.ActiveCfg = Debug|Any CPU
		{8BEE9984-3EB3-45BE-A5CF-0DB912626B81}.GlobalNadeko|Any CPU.Build.0 = Debug|Any CPU
		{8BEE9984-3EB3-45BE-A5CF-0DB912626B81}.Release|Any CPU.ActiveCfg = Release|Any CPU
		{8BEE9984-3EB3-45BE-A5CF-0DB912626B81}.Release|Any CPU.Build.0 = Release|Any CPU
		{75ED72EC-7AB3-4B12-A2DA-3655C740B356}.Debug|Any CPU.ActiveCfg = Debug|Any CPU
		{75ED72EC-7AB3-4B12-A2DA-3655C740B356}.Debug|Any CPU.Build.0 = Debug|Any CPU
		{75ED72EC-7AB3-4B12-A2DA-3655C740B356}.GlobalNadeko|Any CPU.ActiveCfg = Debug|Any CPU
		{75ED72EC-7AB3-4B12-A2DA-3655C740B356}.GlobalNadeko|Any CPU.Build.0 = Debug|Any CPU
		{75ED72EC-7AB3-4B12-A2DA-3655C740B356}.Release|Any CPU.ActiveCfg = Release|Any CPU
		{75ED72EC-7AB3-4B12-A2DA-3655C740B356}.Release|Any CPU.Build.0 = Release|Any CPU
		{FF6BDE61-24B4-4DC2-99EE-409EA1650180}.Debug|Any CPU.ActiveCfg = Debug|Any CPU
		{FF6BDE61-24B4-4DC2-99EE-409EA1650180}.Debug|Any CPU.Build.0 = Debug|Any CPU
		{FF6BDE61-24B4-4DC2-99EE-409EA1650180}.GlobalNadeko|Any CPU.ActiveCfg = Debug|Any CPU
		{FF6BDE61-24B4-4DC2-99EE-409EA1650180}.GlobalNadeko|Any CPU.Build.0 = Debug|Any CPU
		{FF6BDE61-24B4-4DC2-99EE-409EA1650180}.Release|Any CPU.ActiveCfg = Release|Any CPU
		{FF6BDE61-24B4-4DC2-99EE-409EA1650180}.Release|Any CPU.Build.0 = Release|Any CPU
		{6436A700-694E-412C-92AE-B793FCD44E84}.Debug|Any CPU.ActiveCfg = Debug|Any CPU
		{6436A700-694E-412C-92AE-B793FCD44E84}.Debug|Any CPU.Build.0 = Debug|Any CPU
		{6436A700-694E-412C-92AE-B793FCD44E84}.GlobalNadeko|Any CPU.ActiveCfg = Debug|Any CPU
		{6436A700-694E-412C-92AE-B793FCD44E84}.GlobalNadeko|Any CPU.Build.0 = Debug|Any CPU
		{6436A700-694E-412C-92AE-B793FCD44E84}.Release|Any CPU.ActiveCfg = Release|Any CPU
		{6436A700-694E-412C-92AE-B793FCD44E84}.Release|Any CPU.Build.0 = Release|Any CPU
		{30463C26-555B-4760-9459-A16DFA015DFA}.Debug|Any CPU.ActiveCfg = Debug|Any CPU
		{30463C26-555B-4760-9459-A16DFA015DFA}.Debug|Any CPU.Build.0 = Debug|Any CPU
		{30463C26-555B-4760-9459-A16DFA015DFA}.GlobalNadeko|Any CPU.ActiveCfg = Debug|Any CPU
		{30463C26-555B-4760-9459-A16DFA015DFA}.GlobalNadeko|Any CPU.Build.0 = Debug|Any CPU
		{30463C26-555B-4760-9459-A16DFA015DFA}.Release|Any CPU.ActiveCfg = Release|Any CPU
		{30463C26-555B-4760-9459-A16DFA015DFA}.Release|Any CPU.Build.0 = Release|Any CPU
		{674E28A6-30B1-413D-BBD3-E5F71614A00F}.Debug|Any CPU.ActiveCfg = Debug|Any CPU
		{674E28A6-30B1-413D-BBD3-E5F71614A00F}.Debug|Any CPU.Build.0 = Debug|Any CPU
		{674E28A6-30B1-413D-BBD3-E5F71614A00F}.GlobalNadeko|Any CPU.ActiveCfg = Debug|Any CPU
		{674E28A6-30B1-413D-BBD3-E5F71614A00F}.GlobalNadeko|Any CPU.Build.0 = Debug|Any CPU
		{674E28A6-30B1-413D-BBD3-E5F71614A00F}.Release|Any CPU.ActiveCfg = Release|Any CPU
		{674E28A6-30B1-413D-BBD3-E5F71614A00F}.Release|Any CPU.Build.0 = Release|Any CPU
	EndGlobalSection
	GlobalSection(SolutionProperties) = preSolution
		HideSolutionNode = FALSE
	EndGlobalSection
	GlobalSection(NestedProjects) = preSolution
		{45EC1473-C678-4857-A544-07DFE0D0B478} = {04929013-5BAB-42B0-B9B2-8F2BB8F16AF2}
		{A6CCEFBD-DCF2-482C-9643-47664683548F} = {04929013-5BAB-42B0-B9B2-8F2BB8F16AF2}
		{41A2DEBA-E8AE-4EC8-A58F-01C4B6E599E5} = {04929013-5BAB-42B0-B9B2-8F2BB8F16AF2}
		{07606931-CB55-4D20-8369-4E086B00EC52} = {04929013-5BAB-42B0-B9B2-8F2BB8F16AF2}
		{8BEE9984-3EB3-45BE-A5CF-0DB912626B81} = {04929013-5BAB-42B0-B9B2-8F2BB8F16AF2}
		{75ED72EC-7AB3-4B12-A2DA-3655C740B356} = {04929013-5BAB-42B0-B9B2-8F2BB8F16AF2}
		{FF6BDE61-24B4-4DC2-99EE-409EA1650180} = {04929013-5BAB-42B0-B9B2-8F2BB8F16AF2}
		{6436A700-694E-412C-92AE-B793FCD44E84} = {04929013-5BAB-42B0-B9B2-8F2BB8F16AF2}
		{30463C26-555B-4760-9459-A16DFA015DFA} = {04929013-5BAB-42B0-B9B2-8F2BB8F16AF2}
		{674E28A6-30B1-413D-BBD3-E5F71614A00F} = {04929013-5BAB-42B0-B9B2-8F2BB8F16AF2}
	EndGlobalSection
	GlobalSection(ExtensibilityGlobals) = postSolution
		SolutionGuid = {5F3F555C-855F-4BE8-B526-D062D3E8ACA4}
	EndGlobalSection
EndGlobal
