
Microsoft Visual Studio Solution File, Format Version 12.00
# Visual Studio 14
VisualStudioVersion = 14.0.25420.1
MinimumVisualStudioVersion = 10.0.40219.1
Project("{2150E333-8FDC-42A3-9474-1A3956D46DE8}") = "src", "src", "{04929013-5BAB-42B0-B9B2-8F2BB8F16AF2}"
EndProject
Project("{2150E333-8FDC-42A3-9474-1A3956D46DE8}") = "Solution Items", "Solution Items", "{0B2F1537-4BF0-422B-A0DD-8F9CCEFB340F}"
	ProjectSection(SolutionItems) = preProject
		global.json = global.json
	EndProjectSection
EndProject
Project("{8BB2217D-0F2D-49D1-97BC-3654ED321F3B}") = "NadekoBot", "src\NadekoBot\NadekoBot.xproj", "{45EC1473-C678-4857-A544-07DFE0D0B478}"
EndProject
Project("{8BB2217D-0F2D-49D1-97BC-3654ED321F3B}") = "Discord.Net.Commands", "discord.net\src\Discord.Net.Commands\Discord.Net.Commands.xproj", "{078DD7E6-943D-4D09-AFC2-D2BA58B76C9C}"
EndProject
Project("{8BB2217D-0F2D-49D1-97BC-3654ED321F3B}") = "Discord.Net.Core", "discord.net\src\Discord.Net.Core\Discord.Net.Core.xproj", "{E5F4786F-58F3-469E-8C87-1908A95436B7}"
EndProject
Project("{8BB2217D-0F2D-49D1-97BC-3654ED321F3B}") = "Discord.Net.Rest", "discord.net\src\Discord.Net.Rest\Discord.Net.Rest.xproj", "{63F5B5C8-56FE-4B53-8003-B58CEB451EF9}"
EndProject
Project("{8BB2217D-0F2D-49D1-97BC-3654ED321F3B}") = "Discord.Net.WebSocket", "discord.net\src\Discord.Net.WebSocket\Discord.Net.WebSocket.xproj", "{E9800F7A-3354-41B1-BDBB-2D59F8124EC9}"
EndProject
Global
	GlobalSection(SolutionConfigurationPlatforms) = preSolution
		Debug|Any CPU = Debug|Any CPU
		GlobalNadeko|Any CPU = GlobalNadeko|Any CPU
		Release|Any CPU = Release|Any CPU
	EndGlobalSection
	GlobalSection(ProjectConfigurationPlatforms) = postSolution
		{45EC1473-C678-4857-A544-07DFE0D0B478}.Debug|Any CPU.ActiveCfg = Debug|Any CPU
		{45EC1473-C678-4857-A544-07DFE0D0B478}.Debug|Any CPU.Build.0 = Debug|Any CPU
		{45EC1473-C678-4857-A544-07DFE0D0B478}.GlobalNadeko|Any CPU.ActiveCfg = Release|Any CPU
		{45EC1473-C678-4857-A544-07DFE0D0B478}.GlobalNadeko|Any CPU.Build.0 = Release|Any CPU
		{45EC1473-C678-4857-A544-07DFE0D0B478}.Release|Any CPU.ActiveCfg = Release|Any CPU
		{45EC1473-C678-4857-A544-07DFE0D0B478}.Release|Any CPU.Build.0 = Release|Any CPU
		{078DD7E6-943D-4D09-AFC2-D2BA58B76C9C}.Debug|Any CPU.ActiveCfg = Debug|Any CPU
		{078DD7E6-943D-4D09-AFC2-D2BA58B76C9C}.Debug|Any CPU.Build.0 = Debug|Any CPU
		{078DD7E6-943D-4D09-AFC2-D2BA58B76C9C}.GlobalNadeko|Any CPU.ActiveCfg = Debug|Any CPU
		{078DD7E6-943D-4D09-AFC2-D2BA58B76C9C}.GlobalNadeko|Any CPU.Build.0 = Debug|Any CPU
		{078DD7E6-943D-4D09-AFC2-D2BA58B76C9C}.Release|Any CPU.ActiveCfg = Release|Any CPU
		{078DD7E6-943D-4D09-AFC2-D2BA58B76C9C}.Release|Any CPU.Build.0 = Release|Any CPU
		{E5F4786F-58F3-469E-8C87-1908A95436B7}.Debug|Any CPU.ActiveCfg = Debug|Any CPU
		{E5F4786F-58F3-469E-8C87-1908A95436B7}.Debug|Any CPU.Build.0 = Debug|Any CPU
		{E5F4786F-58F3-469E-8C87-1908A95436B7}.GlobalNadeko|Any CPU.ActiveCfg = Debug|Any CPU
		{E5F4786F-58F3-469E-8C87-1908A95436B7}.GlobalNadeko|Any CPU.Build.0 = Debug|Any CPU
		{E5F4786F-58F3-469E-8C87-1908A95436B7}.Release|Any CPU.ActiveCfg = Release|Any CPU
		{E5F4786F-58F3-469E-8C87-1908A95436B7}.Release|Any CPU.Build.0 = Release|Any CPU
		{63F5B5C8-56FE-4B53-8003-B58CEB451EF9}.Debug|Any CPU.ActiveCfg = Debug|Any CPU
		{63F5B5C8-56FE-4B53-8003-B58CEB451EF9}.Debug|Any CPU.Build.0 = Debug|Any CPU
		{63F5B5C8-56FE-4B53-8003-B58CEB451EF9}.GlobalNadeko|Any CPU.ActiveCfg = Debug|Any CPU
		{63F5B5C8-56FE-4B53-8003-B58CEB451EF9}.GlobalNadeko|Any CPU.Build.0 = Debug|Any CPU
		{63F5B5C8-56FE-4B53-8003-B58CEB451EF9}.Release|Any CPU.ActiveCfg = Release|Any CPU
		{63F5B5C8-56FE-4B53-8003-B58CEB451EF9}.Release|Any CPU.Build.0 = Release|Any CPU
		{E9800F7A-3354-41B1-BDBB-2D59F8124EC9}.Debug|Any CPU.ActiveCfg = Debug|Any CPU
		{E9800F7A-3354-41B1-BDBB-2D59F8124EC9}.Debug|Any CPU.Build.0 = Debug|Any CPU
		{E9800F7A-3354-41B1-BDBB-2D59F8124EC9}.GlobalNadeko|Any CPU.ActiveCfg = Debug|Any CPU
		{E9800F7A-3354-41B1-BDBB-2D59F8124EC9}.GlobalNadeko|Any CPU.Build.0 = Debug|Any CPU
		{E9800F7A-3354-41B1-BDBB-2D59F8124EC9}.Release|Any CPU.ActiveCfg = Release|Any CPU
		{E9800F7A-3354-41B1-BDBB-2D59F8124EC9}.Release|Any CPU.Build.0 = Release|Any CPU
	EndGlobalSection
	GlobalSection(SolutionProperties) = preSolution
		HideSolutionNode = FALSE
	EndGlobalSection
	GlobalSection(NestedProjects) = preSolution
		{45EC1473-C678-4857-A544-07DFE0D0B478} = {04929013-5BAB-42B0-B9B2-8F2BB8F16AF2}
	EndGlobalSection
EndGlobal
